// !$*UTF8*$!
{
	archiveVersion = 1;
	classes = {
	};
	objectVersion = 50;
	objects = {

/* Begin PBXBuildFile section */
		ED657E2F236B8E4300E8F492 /* ZSWTappableLabel.h in Headers */ = {isa = PBXBuildFile; fileRef = ED657E2D236B8E4300E8F492 /* ZSWTappableLabel.h */; settings = {ATTRIBUTES = (Public, ); }; };
		ED657E3D236B8E8A00E8F492 /* ZSWTappableLabelTouchHandling.h in Headers */ = {isa = PBXBuildFile; fileRef = ED657E36236B8E8A00E8F492 /* ZSWTappableLabelTouchHandling.h */; };
		ED657E3E236B8E8A00E8F492 /* ZSWTappableLabelTappableRegionInfoImpl.m in Sources */ = {isa = PBXBuildFile; fileRef = ED657E37236B8E8A00E8F492 /* ZSWTappableLabelTappableRegionInfoImpl.m */; };
		ED657E3F236B8E8A00E8F492 /* ZSWTappableLabelAccessibilityActionLongPress.m in Sources */ = {isa = PBXBuildFile; fileRef = ED657E38236B8E8A00E8F492 /* ZSWTappableLabelAccessibilityActionLongPress.m */; };
		ED657E40236B8E8A00E8F492 /* ZSWTappableLabelTouchHandling.m in Sources */ = {isa = PBXBuildFile; fileRef = ED657E39236B8E8A00E8F492 /* ZSWTappableLabelTouchHandling.m */; };
		ED657E41236B8E8A00E8F492 /* ZSWTappableLabelTappableRegionInfoImpl.h in Headers */ = {isa = PBXBuildFile; fileRef = ED657E3A236B8E8A00E8F492 /* ZSWTappableLabelTappableRegionInfoImpl.h */; };
		ED657E42236B8E8A00E8F492 /* ZSWTappableLabelAccessibilityActionLongPress.h in Headers */ = {isa = PBXBuildFile; fileRef = ED657E3B236B8E8A00E8F492 /* ZSWTappableLabelAccessibilityActionLongPress.h */; };
		ED657E43236B8E8A00E8F492 /* ZSWTappableLabel.m in Sources */ = {isa = PBXBuildFile; fileRef = ED657E3C236B8E8A00E8F492 /* ZSWTappableLabel.m */; };
		ED657E46236B8F4C00E8F492 /* Foundation.framework in Frameworks */ = {isa = PBXBuildFile; fileRef = ED657E45236B8F4C00E8F492 /* Foundation.framework */; };
		ED657E48236B8F5100E8F492 /* UIKit.framework in Frameworks */ = {isa = PBXBuildFile; fileRef = ED657E47236B8F5100E8F492 /* UIKit.framework */; };
/* End PBXBuildFile section */

/* Begin PBXFileReference section */
		ED657E2A236B8E4200E8F492 /* ZSWTappableLabel.framework */ = {isa = PBXFileReference; explicitFileType = wrapper.framework; includeInIndex = 0; path = ZSWTappableLabel.framework; sourceTree = BUILT_PRODUCTS_DIR; };
		ED657E2D236B8E4300E8F492 /* ZSWTappableLabel.h */ = {isa = PBXFileReference; lastKnownFileType = sourcecode.c.h; path = ZSWTappableLabel.h; sourceTree = "<group>"; };
		ED657E2E236B8E4300E8F492 /* Info.plist */ = {isa = PBXFileReference; lastKnownFileType = text.plist.xml; path = Info.plist; sourceTree = "<group>"; };
		ED657E36236B8E8A00E8F492 /* ZSWTappableLabelTouchHandling.h */ = {isa = PBXFileReference; fileEncoding = 4; lastKnownFileType = sourcecode.c.h; path = ZSWTappableLabelTouchHandling.h; sourceTree = "<group>"; };
		ED657E37236B8E8A00E8F492 /* ZSWTappableLabelTappableRegionInfoImpl.m */ = {isa = PBXFileReference; fileEncoding = 4; lastKnownFileType = sourcecode.c.objc; path = ZSWTappableLabelTappableRegionInfoImpl.m; sourceTree = "<group>"; };
		ED657E38236B8E8A00E8F492 /* ZSWTappableLabelAccessibilityActionLongPress.m */ = {isa = PBXFileReference; fileEncoding = 4; lastKnownFileType = sourcecode.c.objc; path = ZSWTappableLabelAccessibilityActionLongPress.m; sourceTree = "<group>"; };
		ED657E39236B8E8A00E8F492 /* ZSWTappableLabelTouchHandling.m */ = {isa = PBXFileReference; fileEncoding = 4; lastKnownFileType = sourcecode.c.objc; path = ZSWTappableLabelTouchHandling.m; sourceTree = "<group>"; };
		ED657E3A236B8E8A00E8F492 /* ZSWTappableLabelTappableRegionInfoImpl.h */ = {isa = PBXFileReference; fileEncoding = 4; lastKnownFileType = sourcecode.c.h; path = ZSWTappableLabelTappableRegionInfoImpl.h; sourceTree = "<group>"; };
		ED657E3B236B8E8A00E8F492 /* ZSWTappableLabelAccessibilityActionLongPress.h */ = {isa = PBXFileReference; fileEncoding = 4; lastKnownFileType = sourcecode.c.h; path = ZSWTappableLabelAccessibilityActionLongPress.h; sourceTree = "<group>"; };
		ED657E3C236B8E8A00E8F492 /* ZSWTappableLabel.m */ = {isa = PBXFileReference; fileEncoding = 4; lastKnownFileType = sourcecode.c.objc; path = ZSWTappableLabel.m; sourceTree = "<group>"; };
		ED657E45236B8F4C00E8F492 /* Foundation.framework */ = {isa = PBXFileReference; lastKnownFileType = wrapper.framework; name = Foundation.framework; path = Platforms/MacOSX.platform/Developer/SDKs/MacOSX10.15.sdk/System/Library/Frameworks/Foundation.framework; sourceTree = DEVELOPER_DIR; };
		ED657E47236B8F5100E8F492 /* UIKit.framework */ = {isa = PBXFileReference; lastKnownFileType = wrapper.framework; name = UIKit.framework; path = System/Library/Frameworks/UIKit.framework; sourceTree = SDKROOT; };
/* End PBXFileReference section */

/* Begin PBXFrameworksBuildPhase section */
		ED657E27236B8E4200E8F492 /* Frameworks */ = {
			isa = PBXFrameworksBuildPhase;
			buildActionMask = 2147483647;
			files = (
				ED657E46236B8F4C00E8F492 /* Foundation.framework in Frameworks */,
				ED657E48236B8F5100E8F492 /* UIKit.framework in Frameworks */,
			);
			runOnlyForDeploymentPostprocessing = 0;
		};
/* End PBXFrameworksBuildPhase section */

/* Begin PBXGroup section */
		ED657E20236B8E4200E8F492 = {
			isa = PBXGroup;
			children = (
				ED657E2C236B8E4300E8F492 /* ZSWTappableLabel */,
				ED657E2B236B8E4300E8F492 /* Products */,
				ED657E44236B8F4C00E8F492 /* Frameworks */,
			);
			sourceTree = "<group>";
		};
		ED657E2B236B8E4300E8F492 /* Products */ = {
			isa = PBXGroup;
			children = (
				ED657E2A236B8E4200E8F492 /* ZSWTappableLabel.framework */,
			);
			name = Products;
			sourceTree = "<group>";
		};
		ED657E2C236B8E4300E8F492 /* ZSWTappableLabel */ = {
			isa = PBXGroup;
			children = (
				ED657E35236B8E8A00E8F492 /* Private */,
				ED657E3C236B8E8A00E8F492 /* ZSWTappableLabel.m */,
				ED657E2D236B8E4300E8F492 /* ZSWTappableLabel.h */,
				ED657E2E236B8E4300E8F492 /* Info.plist */,
			);
			path = ZSWTappableLabel;
			sourceTree = "<group>";
		};
		ED657E35236B8E8A00E8F492 /* Private */ = {
			isa = PBXGroup;
			children = (
				ED657E36236B8E8A00E8F492 /* ZSWTappableLabelTouchHandling.h */,
				ED657E37236B8E8A00E8F492 /* ZSWTappableLabelTappableRegionInfoImpl.m */,
				ED657E38236B8E8A00E8F492 /* ZSWTappableLabelAccessibilityActionLongPress.m */,
				ED657E39236B8E8A00E8F492 /* ZSWTappableLabelTouchHandling.m */,
				ED657E3A236B8E8A00E8F492 /* ZSWTappableLabelTappableRegionInfoImpl.h */,
				ED657E3B236B8E8A00E8F492 /* ZSWTappableLabelAccessibilityActionLongPress.h */,
			);
			path = Private;
			sourceTree = "<group>";
		};
		ED657E44236B8F4C00E8F492 /* Frameworks */ = {
			isa = PBXGroup;
			children = (
				ED657E47236B8F5100E8F492 /* UIKit.framework */,
				ED657E45236B8F4C00E8F492 /* Foundation.framework */,
			);
			name = Frameworks;
			sourceTree = "<group>";
		};
/* End PBXGroup section */

/* Begin PBXHeadersBuildPhase section */
		ED657E25236B8E4200E8F492 /* Headers */ = {
			isa = PBXHeadersBuildPhase;
			buildActionMask = 2147483647;
			files = (
				ED657E2F236B8E4300E8F492 /* ZSWTappableLabel.h in Headers */,
				ED657E42236B8E8A00E8F492 /* ZSWTappableLabelAccessibilityActionLongPress.h in Headers */,
				ED657E41236B8E8A00E8F492 /* ZSWTappableLabelTappableRegionInfoImpl.h in Headers */,
				ED657E3D236B8E8A00E8F492 /* ZSWTappableLabelTouchHandling.h in Headers */,
			);
			runOnlyForDeploymentPostprocessing = 0;
		};
/* End PBXHeadersBuildPhase section */

/* Begin PBXNativeTarget section */
		ED657E29236B8E4200E8F492 /* ZSWTappableLabel */ = {
			isa = PBXNativeTarget;
			buildConfigurationList = ED657E32236B8E4300E8F492 /* Build configuration list for PBXNativeTarget "ZSWTappableLabel" */;
			buildPhases = (
				ED657E25236B8E4200E8F492 /* Headers */,
				ED657E26236B8E4200E8F492 /* Sources */,
				ED657E27236B8E4200E8F492 /* Frameworks */,
				ED657E28236B8E4200E8F492 /* Resources */,
			);
			buildRules = (
			);
			dependencies = (
			);
			name = ZSWTappableLabel;
			productName = ZSWTappableLabel;
			productReference = ED657E2A236B8E4200E8F492 /* ZSWTappableLabel.framework */;
			productType = "com.apple.product-type.framework";
		};
/* End PBXNativeTarget section */

/* Begin PBXProject section */
		ED657E21236B8E4200E8F492 /* Project object */ = {
			isa = PBXProject;
			attributes = {
				LastUpgradeCheck = 1110;
				TargetAttributes = {
					ED657E29236B8E4200E8F492 = {
						CreatedOnToolsVersion = 11.1;
					};
				};
			};
			buildConfigurationList = ED657E24236B8E4200E8F492 /* Build configuration list for PBXProject "ZSWTappableLabel" */;
			compatibilityVersion = "Xcode 9.3";
			developmentRegion = en;
			hasScannedForEncodings = 0;
			knownRegions = (
				en,
				Base,
			);
			mainGroup = ED657E20236B8E4200E8F492;
			productRefGroup = ED657E2B236B8E4300E8F492 /* Products */;
			projectDirPath = "";
			projectRoot = "";
			targets = (
				ED657E29236B8E4200E8F492 /* ZSWTappableLabel */,
			);
		};
/* End PBXProject section */

/* Begin PBXResourcesBuildPhase section */
		ED657E28236B8E4200E8F492 /* Resources */ = {
			isa = PBXResourcesBuildPhase;
			buildActionMask = 2147483647;
			files = (
			);
			runOnlyForDeploymentPostprocessing = 0;
		};
/* End PBXResourcesBuildPhase section */

/* Begin PBXSourcesBuildPhase section */
		ED657E26236B8E4200E8F492 /* Sources */ = {
			isa = PBXSourcesBuildPhase;
			buildActionMask = 2147483647;
			files = (
				ED657E3E236B8E8A00E8F492 /* ZSWTappableLabelTappableRegionInfoImpl.m in Sources */,
				ED657E3F236B8E8A00E8F492 /* ZSWTappableLabelAccessibilityActionLongPress.m in Sources */,
				ED657E43236B8E8A00E8F492 /* ZSWTappableLabel.m in Sources */,
				ED657E40236B8E8A00E8F492 /* ZSWTappableLabelTouchHandling.m in Sources */,
			);
			runOnlyForDeploymentPostprocessing = 0;
		};
/* End PBXSourcesBuildPhase section */

/* Begin XCBuildConfiguration section */
		ED657E30236B8E4300E8F492 /* Debug */ = {
			isa = XCBuildConfiguration;
			buildSettings = {
				ALWAYS_SEARCH_USER_PATHS = NO;
				CLANG_ANALYZER_NONNULL = YES;
				CLANG_ANALYZER_NUMBER_OBJECT_CONVERSION = YES_AGGRESSIVE;
				CLANG_CXX_LANGUAGE_STANDARD = "gnu++14";
				CLANG_CXX_LIBRARY = "libc++";
				CLANG_ENABLE_MODULES = YES;
				CLANG_ENABLE_OBJC_ARC = YES;
				CLANG_ENABLE_OBJC_WEAK = YES;
				CLANG_WARN_BLOCK_CAPTURE_AUTORELEASING = YES;
				CLANG_WARN_BOOL_CONVERSION = YES;
				CLANG_WARN_COMMA = YES;
				CLANG_WARN_CONSTANT_CONVERSION = YES;
				CLANG_WARN_DEPRECATED_OBJC_IMPLEMENTATIONS = YES;
				CLANG_WARN_DIRECT_OBJC_ISA_USAGE = YES_ERROR;
				CLANG_WARN_DOCUMENTATION_COMMENTS = YES;
				CLANG_WARN_EMPTY_BODY = YES;
				CLANG_WARN_ENUM_CONVERSION = YES;
				CLANG_WARN_INFINITE_RECURSION = YES;
				CLANG_WARN_INT_CONVERSION = YES;
				CLANG_WARN_NON_LITERAL_NULL_CONVERSION = YES;
				CLANG_WARN_OBJC_IMPLICIT_RETAIN_SELF = YES;
				CLANG_WARN_OBJC_LITERAL_CONVERSION = YES;
				CLANG_WARN_OBJC_ROOT_CLASS = YES_ERROR;
				CLANG_WARN_RANGE_LOOP_ANALYSIS = YES;
				CLANG_WARN_STRICT_PROTOTYPES = YES;
				CLANG_WARN_SUSPICIOUS_MOVE = YES;
				CLANG_WARN_UNGUARDED_AVAILABILITY = YES_AGGRESSIVE;
				CLANG_WARN_UNREACHABLE_CODE = YES;
				CLANG_WARN__DUPLICATE_METHOD_MATCH = YES;
				COPY_PHASE_STRIP = NO;
				CURRENT_PROJECT_VERSION = 1;
				DEBUG_INFORMATION_FORMAT = dwarf;
				ENABLE_STRICT_OBJC_MSGSEND = YES;
				ENABLE_TESTABILITY = YES;
				GCC_C_LANGUAGE_STANDARD = gnu11;
				GCC_DYNAMIC_NO_PIC = NO;
				GCC_NO_COMMON_BLOCKS = YES;
				GCC_OPTIMIZATION_LEVEL = 0;
				GCC_PREPROCESSOR_DEFINITIONS = (
					"DEBUG=1",
					"$(inherited)",
				);
				GCC_WARN_64_TO_32_BIT_CONVERSION = YES;
				GCC_WARN_ABOUT_RETURN_TYPE = YES_ERROR;
				GCC_WARN_UNDECLARED_SELECTOR = YES;
				GCC_WARN_UNINITIALIZED_AUTOS = YES_AGGRESSIVE;
				GCC_WARN_UNUSED_FUNCTION = YES;
				GCC_WARN_UNUSED_VARIABLE = YES;
				IPHONEOS_DEPLOYMENT_TARGET = 13.1;
				MTL_ENABLE_DEBUG_INFO = INCLUDE_SOURCE;
				MTL_FAST_MATH = YES;
				ONLY_ACTIVE_ARCH = YES;
				SDKROOT = iphoneos;
				VERSIONING_SYSTEM = "apple-generic";
				VERSION_INFO_PREFIX = "";
			};
			name = Debug;
		};
		ED657E31236B8E4300E8F492 /* Release */ = {
			isa = XCBuildConfiguration;
			buildSettings = {
				ALWAYS_SEARCH_USER_PATHS = NO;
				CLANG_ANALYZER_NONNULL = YES;
				CLANG_ANALYZER_NUMBER_OBJECT_CONVERSION = YES_AGGRESSIVE;
				CLANG_CXX_LANGUAGE_STANDARD = "gnu++14";
				CLANG_CXX_LIBRARY = "libc++";
				CLANG_ENABLE_MODULES = YES;
				CLANG_ENABLE_OBJC_ARC = YES;
				CLANG_ENABLE_OBJC_WEAK = YES;
				CLANG_WARN_BLOCK_CAPTURE_AUTORELEASING = YES;
				CLANG_WARN_BOOL_CONVERSION = YES;
				CLANG_WARN_COMMA = YES;
				CLANG_WARN_CONSTANT_CONVERSION = YES;
				CLANG_WARN_DEPRECATED_OBJC_IMPLEMENTATIONS = YES;
				CLANG_WARN_DIRECT_OBJC_ISA_USAGE = YES_ERROR;
				CLANG_WARN_DOCUMENTATION_COMMENTS = YES;
				CLANG_WARN_EMPTY_BODY = YES;
				CLANG_WARN_ENUM_CONVERSION = YES;
				CLANG_WARN_INFINITE_RECURSION = YES;
				CLANG_WARN_INT_CONVERSION = YES;
				CLANG_WARN_NON_LITERAL_NULL_CONVERSION = YES;
				CLANG_WARN_OBJC_IMPLICIT_RETAIN_SELF = YES;
				CLANG_WARN_OBJC_LITERAL_CONVERSION = YES;
				CLANG_WARN_OBJC_ROOT_CLASS = YES_ERROR;
				CLANG_WARN_RANGE_LOOP_ANALYSIS = YES;
				CLANG_WARN_STRICT_PROTOTYPES = YES;
				CLANG_WARN_SUSPICIOUS_MOVE = YES;
				CLANG_WARN_UNGUARDED_AVAILABILITY = YES_AGGRESSIVE;
				CLANG_WARN_UNREACHABLE_CODE = YES;
				CLANG_WARN__DUPLICATE_METHOD_MATCH = YES;
				COPY_PHASE_STRIP = NO;
				CURRENT_PROJECT_VERSION = 1;
				DEBUG_INFORMATION_FORMAT = "dwarf-with-dsym";
				ENABLE_NS_ASSERTIONS = NO;
				ENABLE_STRICT_OBJC_MSGSEND = YES;
				GCC_C_LANGUAGE_STANDARD = gnu11;
				GCC_NO_COMMON_BLOCKS = YES;
				GCC_WARN_64_TO_32_BIT_CONVERSION = YES;
				GCC_WARN_ABOUT_RETURN_TYPE = YES_ERROR;
				GCC_WARN_UNDECLARED_SELECTOR = YES;
				GCC_WARN_UNINITIALIZED_AUTOS = YES_AGGRESSIVE;
				GCC_WARN_UNUSED_FUNCTION = YES;
				GCC_WARN_UNUSED_VARIABLE = YES;
				IPHONEOS_DEPLOYMENT_TARGET = 13.1;
				MTL_ENABLE_DEBUG_INFO = NO;
				MTL_FAST_MATH = YES;
				SDKROOT = iphoneos;
				VALIDATE_PRODUCT = YES;
				VERSIONING_SYSTEM = "apple-generic";
				VERSION_INFO_PREFIX = "";
			};
			name = Release;
		};
		ED657E33236B8E4300E8F492 /* Debug */ = {
			isa = XCBuildConfiguration;
			buildSettings = {
				CODE_SIGN_STYLE = Automatic;
				DEFINES_MODULE = YES;
				DYLIB_COMPATIBILITY_VERSION = 1;
				DYLIB_CURRENT_VERSION = 1;
				DYLIB_INSTALL_NAME_BASE = "@rpath";
				INFOPLIST_FILE = ZSWTappableLabel/Info.plist;
				INSTALL_PATH = "$(LOCAL_LIBRARY_DIR)/Frameworks";
				IPHONEOS_DEPLOYMENT_TARGET = 10.0;
				LD_RUNPATH_SEARCH_PATHS = (
					"$(inherited)",
					"@executable_path/Frameworks",
					"@loader_path/Frameworks",
				);
				PRODUCT_BUNDLE_IDENTIFIER = com.zacwest.ZSWTappableLabel;
				PRODUCT_NAME = "$(TARGET_NAME:c99extidentifier)";
				SKIP_INSTALL = YES;
				SUPPORTS_MACCATALYST = NO;
				TARGETED_DEVICE_FAMILY = "1,2";
			};
			name = Debug;
		};
		ED657E34236B8E4300E8F492 /* Release */ = {
			isa = XCBuildConfiguration;
			buildSettings = {
				CODE_SIGN_STYLE = Automatic;
				DEFINES_MODULE = YES;
				DYLIB_COMPATIBILITY_VERSION = 1;
				DYLIB_CURRENT_VERSION = 1;
				DYLIB_INSTALL_NAME_BASE = "@rpath";
				INFOPLIST_FILE = ZSWTappableLabel/Info.plist;
				INSTALL_PATH = "$(LOCAL_LIBRARY_DIR)/Frameworks";
				IPHONEOS_DEPLOYMENT_TARGET = 10.0;
				LD_RUNPATH_SEARCH_PATHS = (
					"$(inherited)",
					"@executable_path/Frameworks",
					"@loader_path/Frameworks",
				);
				PRODUCT_BUNDLE_IDENTIFIER = com.zacwest.ZSWTappableLabel;
				PRODUCT_NAME = "$(TARGET_NAME:c99extidentifier)";
				SKIP_INSTALL = YES;
				SUPPORTS_MACCATALYST = NO;
				TARGETED_DEVICE_FAMILY = "1,2";
			};
			name = Release;
		};
/* End XCBuildConfiguration section */

/* Begin XCConfigurationList section */
		ED657E24236B8E4200E8F492 /* Build configuration list for PBXProject "ZSWTappableLabel" */ = {
			isa = XCConfigurationList;
			buildConfigurations = (
				ED657E30236B8E4300E8F492 /* Debug */,
				ED657E31236B8E4300E8F492 /* Release */,
			);
			defaultConfigurationIsVisible = 0;
			defaultConfigurationName = Release;
		};
		ED657E32236B8E4300E8F492 /* Build configuration list for PBXNativeTarget "ZSWTappableLabel" */ = {
			isa = XCConfigurationList;
			buildConfigurations = (
				ED657E33236B8E4300E8F492 /* Debug */,
				ED657E34236B8E4300E8F492 /* Release */,
			);
			defaultConfigurationIsVisible = 0;
			defaultConfigurationName = Release;
		};
/* End XCConfigurationList section */
	};
	rootObject = ED657E21236B8E4200E8F492 /* Project object */;
}
