PODS:
  - Expecta (1.0.6)
  - Masonry (1.1.0)
  - SnapKit (5.0.1)
  - Specta (1.0.7)
  - ZSWTaggedString (4.2):
    - ZSWTaggedString/Core (= 4.2)
  - ZSWTaggedString/Core (4.2)
  - ZSWTaggedString/Swift (4.2):
    - ZSWTaggedString/Core
  - ZSWTappableLabel (3.3.2)

DEPENDENCIES:
  - Expecta
  - Masonry
  - SnapKit
  - Specta
  - ZSWTaggedString (~> 4.0)
  - ZSWTaggedString/Swift (~> 4.0)
  - ZSWTappableLabel (from `../`)

SPEC REPOS:
  trunk:
    - Expecta
    - Masonry
    - SnapKit
    - Specta
    - ZSWTaggedString

EXTERNAL SOURCES:
  ZSWTappableLabel:
    :path: "../"

SPEC CHECKSUMS:
  Expecta: 3b6bd90a64b9a1dcb0b70aa0e10a7f8f631667d5
  Masonry: 678fab65091a9290e40e2832a55e7ab731aad201
  SnapKit: 97b92857e3df3a0c71833cce143274bf6ef8e5eb
  Specta: 3e1bd89c3517421982dc4d1c992503e48bd5fe66
  ZSWTaggedString: 1a6aab3143188634c1e5dfe9383ce754c1fb5fe2
  ZSWTappableLabel: 92f11d677bb395a8294df48482316c4981783ca0

PODFILE CHECKSUM: 6a653d5b9d6d2422d9813a55ee72322514951887

COCOAPODS: 1.10.1
