PODS:
  - Expecta (1.0.5)
  - Masonry (1.0.2)
  - SnapKit (3.2.0)
  - Specta (1.0.6)
  - ZSWTaggedString (3.0):
    - ZSWTaggedString/Core (= 3.0)
  - ZSWTaggedString/Core (3.0)
  - ZSWTaggedString/Swift (3.0):
    - ZSWTaggedString/Core
  - ZSWTappableLabel (1.3)

DEPENDENCIES:
  - Expecta
  - Masonry
  - SnapKit
  - Specta
  - ZSWTaggedString (~> 3.0)
  - ZSWTaggedString/Swift (~> 3.0)
  - ZSWTappableLabel (from `../`)

EXTERNAL SOURCES:
  ZSWTappableLabel:
    :path: "../"

SPEC CHECKSUMS:
  Expecta: e1c022fcd33910b6be89c291d2775b3fe27a89fe
  Masonry: 7c429b56da9d4ee0bbb3ed77a5ea710d6a5df39e
  SnapKit: 1ca44df72cfa543218d177cb8aab029d10d86ea7
  Specta: f506f3a8361de16bc0dcf3b17b75e269072ba465
  ZSWTaggedString: 37fef52c30a29c4cfd2f709db869687ae369b573
  ZSWTappableLabel: 610ec78ab2f7aa14dde9ee7ea03091cabb07e5dc

PODFILE CHECKSUM: 465ef7631845a179a2b7e380aa2020a29c5ae290

COCOAPODS: 1.2.1
