// !$*UTF8*$!
{
	archiveVersion = 1;
	classes = {
	};
	objectVersion = 46;
	objects = {

/* Begin PBXBuildFile section */
		014F618B951FFDCDFAF88F4E /* Pods_Tests.framework in Frameworks */ = {isa = PBXBuildFile; fileRef = BD19B77BBAAAF2B208853716 /* Pods_Tests.framework */; };
		110D6E451C25FC04004E8551 /* RootController.swift in Sources */ = {isa = PBXBuildFile; fileRef = 110D6E441C25FC04004E8551 /* RootController.swift */; };
		110D6E471C25FC33004E8551 /* AppDelegate.swift in Sources */ = {isa = PBXBuildFile; fileRef = 110D6E461C25FC33004E8551 /* AppDelegate.swift */; };
		110D6E491C25FE2F004E8551 /* Launch Screen.storyboard in Resources */ = {isa = PBXBuildFile; fileRef = 110D6E481C25FE2F004E8551 /* Launch Screen.storyboard */; };
		110D6E4B1C25FEBA004E8551 /* SimpleSwiftViewController.swift in Sources */ = {isa = PBXBuildFile; fileRef = 110D6E4A1C25FEBA004E8551 /* SimpleSwiftViewController.swift */; };
		110D6E4E1C25FEC6004E8551 /* SimpleObjectiveCViewController.m in Sources */ = {isa = PBXBuildFile; fileRef = 110D6E4D1C25FEC6004E8551 /* SimpleObjectiveCViewController.m */; };
		110D6E501C25FF5C004E8551 /* RootExampleCell.swift in Sources */ = {isa = PBXBuildFile; fileRef = 110D6E4F1C25FF5C004E8551 /* RootExampleCell.swift */; };
		11110E441C27543300E67ACD /* LongPressSwiftViewController.swift in Sources */ = {isa = PBXBuildFile; fileRef = 11110E431C27543300E67ACD /* LongPressSwiftViewController.swift */; };
		11110E471C2762A900E67ACD /* LongPressObjectiveCViewController.m in Sources */ = {isa = PBXBuildFile; fileRef = 11110E461C2762A900E67ACD /* LongPressObjectiveCViewController.m */; };
		116126D11C26094A003B4E43 /* MultipleSwiftViewController.swift in Sources */ = {isa = PBXBuildFile; fileRef = 116126D01C26094A003B4E43 /* MultipleSwiftViewController.swift */; };
		116126D41C260961003B4E43 /* MultipleObjectiveCViewController.m in Sources */ = {isa = PBXBuildFile; fileRef = 116126D31C260961003B4E43 /* MultipleObjectiveCViewController.m */; };
		116126DD1C260F67003B4E43 /* DataDetectorsSwiftViewController.swift in Sources */ = {isa = PBXBuildFile; fileRef = 116126DC1C260F67003B4E43 /* DataDetectorsSwiftViewController.swift */; };
		116126E01C260F74003B4E43 /* DataDetectorsObjectiveCViewController.m in Sources */ = {isa = PBXBuildFile; fileRef = 116126DF1C260F74003B4E43 /* DataDetectorsObjectiveCViewController.m */; };
		116126E41C2612BD003B4E43 /* InterfaceBuilderSwiftViewController.swift in Sources */ = {isa = PBXBuildFile; fileRef = 116126E21C2612BD003B4E43 /* InterfaceBuilderSwiftViewController.swift */; };
		116126E51C2612BD003B4E43 /* InterfaceBuilderSwiftViewController.xib in Resources */ = {isa = PBXBuildFile; fileRef = 116126E31C2612BD003B4E43 /* InterfaceBuilderSwiftViewController.xib */; };
		116126E91C261466003B4E43 /* InterfaceBuilderObjectiveCViewController.m in Sources */ = {isa = PBXBuildFile; fileRef = 116126E71C261466003B4E43 /* InterfaceBuilderObjectiveCViewController.m */; };
		116126EA1C261466003B4E43 /* InterfaceBuilderObjectiveCViewController.xib in Resources */ = {isa = PBXBuildFile; fileRef = 116126E81C261466003B4E43 /* InterfaceBuilderObjectiveCViewController.xib */; };
		119AC0C6226D3ABB00DD70BC /* AccessibilityObjectiveCViewController.m in Sources */ = {isa = PBXBuildFile; fileRef = 119AC0C5226D3ABB00DD70BC /* AccessibilityObjectiveCViewController.m */; };
		119AC0C9226D3D3500DD70BC /* 3DTouchObjectiveCViewController.m in Sources */ = {isa = PBXBuildFile; fileRef = 119AC0C8226D3D3500DD70BC /* 3DTouchObjectiveCViewController.m */; };
		119AC0CC226D3EB600DD70BC /* CollectionViewObjectiveCViewController.m in Sources */ = {isa = PBXBuildFile; fileRef = 119AC0CB226D3EB600DD70BC /* CollectionViewObjectiveCViewController.m */; };
		11E9BCC1226BF626003C1962 /* AccessibilitySwiftViewController.swift in Sources */ = {isa = PBXBuildFile; fileRef = 11E9BCC0226BF626003C1962 /* AccessibilitySwiftViewController.swift */; };
		11E9BCC4226BFBCE003C1962 /* 3DTouchSwiftViewController.swift in Sources */ = {isa = PBXBuildFile; fileRef = 11E9BCC3226BFBCE003C1962 /* 3DTouchSwiftViewController.swift */; };
		11E9BCC7226C037C003C1962 /* CollectionViewSwiftViewController.swift in Sources */ = {isa = PBXBuildFile; fileRef = 11E9BCC6226C037C003C1962 /* CollectionViewSwiftViewController.swift */; };
		6003F58E195388D20070C39A /* Foundation.framework in Frameworks */ = {isa = PBXBuildFile; fileRef = 6003F58D195388D20070C39A /* Foundation.framework */; };
		6003F590195388D20070C39A /* CoreGraphics.framework in Frameworks */ = {isa = PBXBuildFile; fileRef = 6003F58F195388D20070C39A /* CoreGraphics.framework */; };
		6003F592195388D20070C39A /* UIKit.framework in Frameworks */ = {isa = PBXBuildFile; fileRef = 6003F591195388D20070C39A /* UIKit.framework */; };
		6003F598195388D20070C39A /* InfoPlist.strings in Resources */ = {isa = PBXBuildFile; fileRef = 6003F596195388D20070C39A /* InfoPlist.strings */; };
		6003F5A9195388D20070C39A /* Images.xcassets in Resources */ = {isa = PBXBuildFile; fileRef = 6003F5A8195388D20070C39A /* Images.xcassets */; };
		6003F5B0195388D20070C39A /* XCTest.framework in Frameworks */ = {isa = PBXBuildFile; fileRef = 6003F5AF195388D20070C39A /* XCTest.framework */; };
		6003F5B1195388D20070C39A /* Foundation.framework in Frameworks */ = {isa = PBXBuildFile; fileRef = 6003F58D195388D20070C39A /* Foundation.framework */; };
		6003F5B2195388D20070C39A /* UIKit.framework in Frameworks */ = {isa = PBXBuildFile; fileRef = 6003F591195388D20070C39A /* UIKit.framework */; };
		6003F5BA195388D20070C39A /* InfoPlist.strings in Resources */ = {isa = PBXBuildFile; fileRef = 6003F5B8195388D20070C39A /* InfoPlist.strings */; };
		6003F5BC195388D20070C39A /* Tests.m in Sources */ = {isa = PBXBuildFile; fileRef = 6003F5BB195388D20070C39A /* Tests.m */; };
		90AC65593931D8B67D21E94A /* Pods_ZSWTappableLabel_Example.framework in Frameworks */ = {isa = PBXBuildFile; fileRef = 939EFDF28497ABEB0A8F8955 /* Pods_ZSWTappableLabel_Example.framework */; };
/* End PBXBuildFile section */

/* Begin PBXContainerItemProxy section */
		6003F5B3195388D20070C39A /* PBXContainerItemProxy */ = {
			isa = PBXContainerItemProxy;
			containerPortal = 6003F582195388D10070C39A /* Project object */;
			proxyType = 1;
			remoteGlobalIDString = 6003F589195388D20070C39A;
			remoteInfo = ZSWTappableLabel;
		};
/* End PBXContainerItemProxy section */

/* Begin PBXFileReference section */
		110D6E441C25FC04004E8551 /* RootController.swift */ = {isa = PBXFileReference; fileEncoding = 4; lastKnownFileType = sourcecode.swift; path = RootController.swift; sourceTree = "<group>"; };
		110D6E461C25FC33004E8551 /* AppDelegate.swift */ = {isa = PBXFileReference; fileEncoding = 4; lastKnownFileType = sourcecode.swift; path = AppDelegate.swift; sourceTree = "<group>"; };
		110D6E481C25FE2F004E8551 /* Launch Screen.storyboard */ = {isa = PBXFileReference; fileEncoding = 4; lastKnownFileType = file.storyboard; path = "Launch Screen.storyboard"; sourceTree = "<group>"; };
		110D6E4A1C25FEBA004E8551 /* SimpleSwiftViewController.swift */ = {isa = PBXFileReference; fileEncoding = 4; lastKnownFileType = sourcecode.swift; path = SimpleSwiftViewController.swift; sourceTree = "<group>"; };
		110D6E4C1C25FEC6004E8551 /* SimpleObjectiveCViewController.h */ = {isa = PBXFileReference; fileEncoding = 4; lastKnownFileType = sourcecode.c.h; path = SimpleObjectiveCViewController.h; sourceTree = "<group>"; };
		110D6E4D1C25FEC6004E8551 /* SimpleObjectiveCViewController.m */ = {isa = PBXFileReference; fileEncoding = 4; lastKnownFileType = sourcecode.c.objc; path = SimpleObjectiveCViewController.m; sourceTree = "<group>"; };
		110D6E4F1C25FF5C004E8551 /* RootExampleCell.swift */ = {isa = PBXFileReference; fileEncoding = 4; lastKnownFileType = sourcecode.swift; path = RootExampleCell.swift; sourceTree = "<group>"; };
		11110E431C27543300E67ACD /* LongPressSwiftViewController.swift */ = {isa = PBXFileReference; fileEncoding = 4; lastKnownFileType = sourcecode.swift; path = LongPressSwiftViewController.swift; sourceTree = "<group>"; };
		11110E451C2762A900E67ACD /* LongPressObjectiveCViewController.h */ = {isa = PBXFileReference; fileEncoding = 4; lastKnownFileType = sourcecode.c.h; path = LongPressObjectiveCViewController.h; sourceTree = "<group>"; };
		11110E461C2762A900E67ACD /* LongPressObjectiveCViewController.m */ = {isa = PBXFileReference; fileEncoding = 4; lastKnownFileType = sourcecode.c.objc; path = LongPressObjectiveCViewController.m; sourceTree = "<group>"; };
		116126D01C26094A003B4E43 /* MultipleSwiftViewController.swift */ = {isa = PBXFileReference; fileEncoding = 4; lastKnownFileType = sourcecode.swift; path = MultipleSwiftViewController.swift; sourceTree = "<group>"; };
		116126D21C260961003B4E43 /* MultipleObjectiveCViewController.h */ = {isa = PBXFileReference; fileEncoding = 4; lastKnownFileType = sourcecode.c.h; path = MultipleObjectiveCViewController.h; sourceTree = "<group>"; };
		116126D31C260961003B4E43 /* MultipleObjectiveCViewController.m */ = {isa = PBXFileReference; fileEncoding = 4; lastKnownFileType = sourcecode.c.objc; path = MultipleObjectiveCViewController.m; sourceTree = "<group>"; };
		116126DC1C260F67003B4E43 /* DataDetectorsSwiftViewController.swift */ = {isa = PBXFileReference; fileEncoding = 4; lastKnownFileType = sourcecode.swift; path = DataDetectorsSwiftViewController.swift; sourceTree = "<group>"; };
		116126DE1C260F74003B4E43 /* DataDetectorsObjectiveCViewController.h */ = {isa = PBXFileReference; fileEncoding = 4; lastKnownFileType = sourcecode.c.h; path = DataDetectorsObjectiveCViewController.h; sourceTree = "<group>"; };
		116126DF1C260F74003B4E43 /* DataDetectorsObjectiveCViewController.m */ = {isa = PBXFileReference; fileEncoding = 4; lastKnownFileType = sourcecode.c.objc; path = DataDetectorsObjectiveCViewController.m; sourceTree = "<group>"; };
		116126E21C2612BD003B4E43 /* InterfaceBuilderSwiftViewController.swift */ = {isa = PBXFileReference; fileEncoding = 4; lastKnownFileType = sourcecode.swift; path = InterfaceBuilderSwiftViewController.swift; sourceTree = "<group>"; };
		116126E31C2612BD003B4E43 /* InterfaceBuilderSwiftViewController.xib */ = {isa = PBXFileReference; fileEncoding = 4; lastKnownFileType = file.xib; path = InterfaceBuilderSwiftViewController.xib; sourceTree = "<group>"; };
		116126E61C261466003B4E43 /* InterfaceBuilderObjectiveCViewController.h */ = {isa = PBXFileReference; fileEncoding = 4; lastKnownFileType = sourcecode.c.h; path = InterfaceBuilderObjectiveCViewController.h; sourceTree = "<group>"; };
		116126E71C261466003B4E43 /* InterfaceBuilderObjectiveCViewController.m */ = {isa = PBXFileReference; fileEncoding = 4; lastKnownFileType = sourcecode.c.objc; path = InterfaceBuilderObjectiveCViewController.m; sourceTree = "<group>"; };
		116126E81C261466003B4E43 /* InterfaceBuilderObjectiveCViewController.xib */ = {isa = PBXFileReference; fileEncoding = 4; lastKnownFileType = file.xib; path = InterfaceBuilderObjectiveCViewController.xib; sourceTree = "<group>"; };
		11909ABC1C13D46A00B9AB03 /* ZSWTappableLabel_Example-Bridging-Header.h */ = {isa = PBXFileReference; lastKnownFileType = sourcecode.c.h; path = "ZSWTappableLabel_Example-Bridging-Header.h"; sourceTree = "<group>"; };
		119AC0C4226D3ABB00DD70BC /* AccessibilityObjectiveCViewController.h */ = {isa = PBXFileReference; lastKnownFileType = sourcecode.c.h; path = AccessibilityObjectiveCViewController.h; sourceTree = "<group>"; };
		119AC0C5226D3ABB00DD70BC /* AccessibilityObjectiveCViewController.m */ = {isa = PBXFileReference; lastKnownFileType = sourcecode.c.objc; path = AccessibilityObjectiveCViewController.m; sourceTree = "<group>"; };
		119AC0C7226D3D3500DD70BC /* 3DTouchObjectiveCViewController.h */ = {isa = PBXFileReference; lastKnownFileType = sourcecode.c.h; path = 3DTouchObjectiveCViewController.h; sourceTree = "<group>"; };
		119AC0C8226D3D3500DD70BC /* 3DTouchObjectiveCViewController.m */ = {isa = PBXFileReference; lastKnownFileType = sourcecode.c.objc; path = 3DTouchObjectiveCViewController.m; sourceTree = "<group>"; };
		119AC0CA226D3EB600DD70BC /* CollectionViewObjectiveCViewController.h */ = {isa = PBXFileReference; lastKnownFileType = sourcecode.c.h; path = CollectionViewObjectiveCViewController.h; sourceTree = "<group>"; };
		119AC0CB226D3EB600DD70BC /* CollectionViewObjectiveCViewController.m */ = {isa = PBXFileReference; lastKnownFileType = sourcecode.c.objc; path = CollectionViewObjectiveCViewController.m; sourceTree = "<group>"; };
		11E9BCC0226BF626003C1962 /* AccessibilitySwiftViewController.swift */ = {isa = PBXFileReference; lastKnownFileType = sourcecode.swift; path = AccessibilitySwiftViewController.swift; sourceTree = "<group>"; };
		11E9BCC3226BFBCE003C1962 /* 3DTouchSwiftViewController.swift */ = {isa = PBXFileReference; lastKnownFileType = sourcecode.swift; path = 3DTouchSwiftViewController.swift; sourceTree = "<group>"; };
		11E9BCC6226C037C003C1962 /* CollectionViewSwiftViewController.swift */ = {isa = PBXFileReference; lastKnownFileType = sourcecode.swift; path = CollectionViewSwiftViewController.swift; sourceTree = "<group>"; };
		11F6CCA61B1B90D10064F1CF /* CHANGELOG.md */ = {isa = PBXFileReference; lastKnownFileType = net.daringfireball.markdown; name = CHANGELOG.md; path = ../CHANGELOG.md; sourceTree = "<group>"; };
		48D9CAFA7C85FFBDE3E5A1E1 /* Pods-Tests.release.xcconfig */ = {isa = PBXFileReference; includeInIndex = 1; lastKnownFileType = text.xcconfig; name = "Pods-Tests.release.xcconfig"; path = "Pods/Target Support Files/Pods-Tests/Pods-Tests.release.xcconfig"; sourceTree = "<group>"; };
		6003F58A195388D20070C39A /* ZSWTappableLabel_Example.app */ = {isa = PBXFileReference; explicitFileType = wrapper.application; includeInIndex = 0; path = ZSWTappableLabel_Example.app; sourceTree = BUILT_PRODUCTS_DIR; };
		6003F58D195388D20070C39A /* Foundation.framework */ = {isa = PBXFileReference; lastKnownFileType = wrapper.framework; name = Foundation.framework; path = System/Library/Frameworks/Foundation.framework; sourceTree = SDKROOT; };
		6003F58F195388D20070C39A /* CoreGraphics.framework */ = {isa = PBXFileReference; lastKnownFileType = wrapper.framework; name = CoreGraphics.framework; path = System/Library/Frameworks/CoreGraphics.framework; sourceTree = SDKROOT; };
		6003F591195388D20070C39A /* UIKit.framework */ = {isa = PBXFileReference; lastKnownFileType = wrapper.framework; name = UIKit.framework; path = System/Library/Frameworks/UIKit.framework; sourceTree = SDKROOT; };
		6003F595195388D20070C39A /* ZSWTappableLabel-Info.plist */ = {isa = PBXFileReference; lastKnownFileType = text.plist.xml; path = "ZSWTappableLabel-Info.plist"; sourceTree = "<group>"; };
		6003F597195388D20070C39A /* en */ = {isa = PBXFileReference; lastKnownFileType = text.plist.strings; name = en; path = en.lproj/InfoPlist.strings; sourceTree = "<group>"; };
		6003F59B195388D20070C39A /* ZSWTappableLabel-Prefix.pch */ = {isa = PBXFileReference; lastKnownFileType = sourcecode.c.h; path = "ZSWTappableLabel-Prefix.pch"; sourceTree = "<group>"; };
		6003F5A8195388D20070C39A /* Images.xcassets */ = {isa = PBXFileReference; lastKnownFileType = folder.assetcatalog; path = Images.xcassets; sourceTree = "<group>"; };
		6003F5AE195388D20070C39A /* Tests.xctest */ = {isa = PBXFileReference; explicitFileType = wrapper.cfbundle; includeInIndex = 0; path = Tests.xctest; sourceTree = BUILT_PRODUCTS_DIR; };
		6003F5AF195388D20070C39A /* XCTest.framework */ = {isa = PBXFileReference; lastKnownFileType = wrapper.framework; name = XCTest.framework; path = Library/Frameworks/XCTest.framework; sourceTree = DEVELOPER_DIR; };
		6003F5B7195388D20070C39A /* Tests-Info.plist */ = {isa = PBXFileReference; lastKnownFileType = text.plist.xml; path = "Tests-Info.plist"; sourceTree = "<group>"; };
		6003F5B9195388D20070C39A /* en */ = {isa = PBXFileReference; lastKnownFileType = text.plist.strings; name = en; path = en.lproj/InfoPlist.strings; sourceTree = "<group>"; };
		6003F5BB195388D20070C39A /* Tests.m */ = {isa = PBXFileReference; lastKnownFileType = sourcecode.c.objc; path = Tests.m; sourceTree = "<group>"; };
		606FC2411953D9B200FFA9A0 /* Tests-Prefix.pch */ = {isa = PBXFileReference; lastKnownFileType = sourcecode.c.h; path = "Tests-Prefix.pch"; sourceTree = "<group>"; };
		939EFDF28497ABEB0A8F8955 /* Pods_ZSWTappableLabel_Example.framework */ = {isa = PBXFileReference; explicitFileType = wrapper.framework; includeInIndex = 0; path = Pods_ZSWTappableLabel_Example.framework; sourceTree = BUILT_PRODUCTS_DIR; };
		A3CB99196150C959F7CB1E34 /* ZSWTappableLabel.podspec */ = {isa = PBXFileReference; includeInIndex = 1; lastKnownFileType = text; name = ZSWTappableLabel.podspec; path = ../ZSWTappableLabel.podspec; sourceTree = "<group>"; xcLanguageSpecificationIdentifier = xcode.lang.ruby; };
		AC49F6A892919C130D6F5530 /* Pods-Tests.debug.xcconfig */ = {isa = PBXFileReference; includeInIndex = 1; lastKnownFileType = text.xcconfig; name = "Pods-Tests.debug.xcconfig"; path = "Pods/Target Support Files/Pods-Tests/Pods-Tests.debug.xcconfig"; sourceTree = "<group>"; };
		AF18D47E55316D6BB54A685B /* README.md */ = {isa = PBXFileReference; includeInIndex = 1; lastKnownFileType = net.daringfireball.markdown; name = README.md; path = ../README.md; sourceTree = "<group>"; };
		B489BE10F69914A015A3B20E /* Pods-ZSWTappableLabel_Example.debug.xcconfig */ = {isa = PBXFileReference; includeInIndex = 1; lastKnownFileType = text.xcconfig; name = "Pods-ZSWTappableLabel_Example.debug.xcconfig"; path = "Pods/Target Support Files/Pods-ZSWTappableLabel_Example/Pods-ZSWTappableLabel_Example.debug.xcconfig"; sourceTree = "<group>"; };
		BD19B77BBAAAF2B208853716 /* Pods_Tests.framework */ = {isa = PBXFileReference; explicitFileType = wrapper.framework; includeInIndex = 0; path = Pods_Tests.framework; sourceTree = BUILT_PRODUCTS_DIR; };
		C972D1FBC1030089034F330B /* LICENSE */ = {isa = PBXFileReference; includeInIndex = 1; lastKnownFileType = text; name = LICENSE; path = ../LICENSE; sourceTree = "<group>"; };
		EF668BCCFF63A0470C3D2E34 /* Pods-ZSWTappableLabel_Example.release.xcconfig */ = {isa = PBXFileReference; includeInIndex = 1; lastKnownFileType = text.xcconfig; name = "Pods-ZSWTappableLabel_Example.release.xcconfig"; path = "Pods/Target Support Files/Pods-ZSWTappableLabel_Example/Pods-ZSWTappableLabel_Example.release.xcconfig"; sourceTree = "<group>"; };
/* End PBXFileReference section */

/* Begin PBXFrameworksBuildPhase section */
		6003F587195388D20070C39A /* Frameworks */ = {
			isa = PBXFrameworksBuildPhase;
			buildActionMask = 2147483647;
			files = (
				6003F590195388D20070C39A /* CoreGraphics.framework in Frameworks */,
				6003F592195388D20070C39A /* UIKit.framework in Frameworks */,
				6003F58E195388D20070C39A /* Foundation.framework in Frameworks */,
				90AC65593931D8B67D21E94A /* Pods_ZSWTappableLabel_Example.framework in Frameworks */,
			);
			runOnlyForDeploymentPostprocessing = 0;
		};
		6003F5AB195388D20070C39A /* Frameworks */ = {
			isa = PBXFrameworksBuildPhase;
			buildActionMask = 2147483647;
			files = (
				6003F5B0195388D20070C39A /* XCTest.framework in Frameworks */,
				6003F5B2195388D20070C39A /* UIKit.framework in Frameworks */,
				6003F5B1195388D20070C39A /* Foundation.framework in Frameworks */,
				014F618B951FFDCDFAF88F4E /* Pods_Tests.framework in Frameworks */,
			);
			runOnlyForDeploymentPostprocessing = 0;
		};
/* End PBXFrameworksBuildPhase section */

/* Begin PBXGroup section */
		110D6E511C25FF62004E8551 /* Root of examples */ = {
			isa = PBXGroup;
			children = (
				110D6E441C25FC04004E8551 /* RootController.swift */,
				110D6E4F1C25FF5C004E8551 /* RootExampleCell.swift */,
			);
			path = "Root of examples";
			sourceTree = "<group>";
		};
		110D6E531C25FF7E004E8551 /* Simple string */ = {
			isa = PBXGroup;
			children = (
				110D6E4A1C25FEBA004E8551 /* SimpleSwiftViewController.swift */,
				110D6E4C1C25FEC6004E8551 /* SimpleObjectiveCViewController.h */,
				110D6E4D1C25FEC6004E8551 /* SimpleObjectiveCViewController.m */,
			);
			path = "Simple string";
			sourceTree = "<group>";
		};
		11110E421C27541700E67ACD /* Long press */ = {
			isa = PBXGroup;
			children = (
				11110E431C27543300E67ACD /* LongPressSwiftViewController.swift */,
				11110E451C2762A900E67ACD /* LongPressObjectiveCViewController.h */,
				11110E461C2762A900E67ACD /* LongPressObjectiveCViewController.m */,
			);
			path = "Long press";
			sourceTree = "<group>";
		};
		116126CF1C26092B003B4E43 /* Multiple links */ = {
			isa = PBXGroup;
			children = (
				116126D01C26094A003B4E43 /* MultipleSwiftViewController.swift */,
				116126D21C260961003B4E43 /* MultipleObjectiveCViewController.h */,
				116126D31C260961003B4E43 /* MultipleObjectiveCViewController.m */,
			);
			path = "Multiple links";
			sourceTree = "<group>";
		};
		116126DB1C260F55003B4E43 /* Data detectors */ = {
			isa = PBXGroup;
			children = (
				116126DC1C260F67003B4E43 /* DataDetectorsSwiftViewController.swift */,
				116126DE1C260F74003B4E43 /* DataDetectorsObjectiveCViewController.h */,
				116126DF1C260F74003B4E43 /* DataDetectorsObjectiveCViewController.m */,
			);
			path = "Data detectors";
			sourceTree = "<group>";
		};
		116126E11C2612A3003B4E43 /* Interface Builder */ = {
			isa = PBXGroup;
			children = (
				116126E21C2612BD003B4E43 /* InterfaceBuilderSwiftViewController.swift */,
				116126E31C2612BD003B4E43 /* InterfaceBuilderSwiftViewController.xib */,
				116126E61C261466003B4E43 /* InterfaceBuilderObjectiveCViewController.h */,
				116126E71C261466003B4E43 /* InterfaceBuilderObjectiveCViewController.m */,
				116126E81C261466003B4E43 /* InterfaceBuilderObjectiveCViewController.xib */,
			);
			path = "Interface Builder";
			sourceTree = "<group>";
		};
		11E9BCBF226BF612003C1962 /* Accessibility */ = {
			isa = PBXGroup;
			children = (
				11E9BCC0226BF626003C1962 /* AccessibilitySwiftViewController.swift */,
				119AC0C4226D3ABB00DD70BC /* AccessibilityObjectiveCViewController.h */,
				119AC0C5226D3ABB00DD70BC /* AccessibilityObjectiveCViewController.m */,
			);
			path = Accessibility;
			sourceTree = "<group>";
		};
		11E9BCC2226BFBBC003C1962 /* 3D Touch */ = {
			isa = PBXGroup;
			children = (
				11E9BCC3226BFBCE003C1962 /* 3DTouchSwiftViewController.swift */,
				119AC0C7226D3D3500DD70BC /* 3DTouchObjectiveCViewController.h */,
				119AC0C8226D3D3500DD70BC /* 3DTouchObjectiveCViewController.m */,
			);
			path = "3D Touch";
			sourceTree = "<group>";
		};
		11E9BCC5226C036F003C1962 /* Collection View */ = {
			isa = PBXGroup;
			children = (
				11E9BCC6226C037C003C1962 /* CollectionViewSwiftViewController.swift */,
				119AC0CA226D3EB600DD70BC /* CollectionViewObjectiveCViewController.h */,
				119AC0CB226D3EB600DD70BC /* CollectionViewObjectiveCViewController.m */,
			);
			path = "Collection View";
			sourceTree = "<group>";
		};
		6003F581195388D10070C39A = {
			isa = PBXGroup;
			children = (
				60FF7A9C1954A5C5007DD14C /* Podspec Metadata */,
				6003F593195388D20070C39A /* Example for ZSWTappableLabel */,
				6003F5B5195388D20070C39A /* Tests */,
				6003F58C195388D20070C39A /* Frameworks */,
				6003F58B195388D20070C39A /* Products */,
				606845BA57C23C75E56DBD46 /* Pods */,
			);
			sourceTree = "<group>";
		};
		6003F58B195388D20070C39A /* Products */ = {
			isa = PBXGroup;
			children = (
				6003F58A195388D20070C39A /* ZSWTappableLabel_Example.app */,
				6003F5AE195388D20070C39A /* Tests.xctest */,
			);
			name = Products;
			sourceTree = "<group>";
		};
		6003F58C195388D20070C39A /* Frameworks */ = {
			isa = PBXGroup;
			children = (
				6003F58D195388D20070C39A /* Foundation.framework */,
				6003F58F195388D20070C39A /* CoreGraphics.framework */,
				6003F591195388D20070C39A /* UIKit.framework */,
				6003F5AF195388D20070C39A /* XCTest.framework */,
				BD19B77BBAAAF2B208853716 /* Pods_Tests.framework */,
				939EFDF28497ABEB0A8F8955 /* Pods_ZSWTappableLabel_Example.framework */,
			);
			name = Frameworks;
			sourceTree = "<group>";
		};
		6003F593195388D20070C39A /* Example for ZSWTappableLabel */ = {
			isa = PBXGroup;
			children = (
				6003F5A8195388D20070C39A /* Images.xcassets */,
				6003F594195388D20070C39A /* Supporting Files */,
				110D6E461C25FC33004E8551 /* AppDelegate.swift */,
				110D6E511C25FF62004E8551 /* Root of examples */,
				110D6E531C25FF7E004E8551 /* Simple string */,
				116126CF1C26092B003B4E43 /* Multiple links */,
				116126DB1C260F55003B4E43 /* Data detectors */,
				116126E11C2612A3003B4E43 /* Interface Builder */,
				11110E421C27541700E67ACD /* Long press */,
				11E9BCBF226BF612003C1962 /* Accessibility */,
				11E9BCC2226BFBBC003C1962 /* 3D Touch */,
				11E9BCC5226C036F003C1962 /* Collection View */,
			);
			name = "Example for ZSWTappableLabel";
			path = ZSWTappableLabel;
			sourceTree = "<group>";
		};
		6003F594195388D20070C39A /* Supporting Files */ = {
			isa = PBXGroup;
			children = (
				11909ABC1C13D46A00B9AB03 /* ZSWTappableLabel_Example-Bridging-Header.h */,
				110D6E481C25FE2F004E8551 /* Launch Screen.storyboard */,
				6003F595195388D20070C39A /* ZSWTappableLabel-Info.plist */,
				6003F596195388D20070C39A /* InfoPlist.strings */,
				6003F59B195388D20070C39A /* ZSWTappableLabel-Prefix.pch */,
			);
			name = "Supporting Files";
			sourceTree = "<group>";
		};
		6003F5B5195388D20070C39A /* Tests */ = {
			isa = PBXGroup;
			children = (
				6003F5BB195388D20070C39A /* Tests.m */,
				6003F5B6195388D20070C39A /* Supporting Files */,
			);
			path = Tests;
			sourceTree = "<group>";
		};
		6003F5B6195388D20070C39A /* Supporting Files */ = {
			isa = PBXGroup;
			children = (
				6003F5B7195388D20070C39A /* Tests-Info.plist */,
				6003F5B8195388D20070C39A /* InfoPlist.strings */,
				606FC2411953D9B200FFA9A0 /* Tests-Prefix.pch */,
			);
			name = "Supporting Files";
			sourceTree = "<group>";
		};
		606845BA57C23C75E56DBD46 /* Pods */ = {
			isa = PBXGroup;
			children = (
				AC49F6A892919C130D6F5530 /* Pods-Tests.debug.xcconfig */,
				48D9CAFA7C85FFBDE3E5A1E1 /* Pods-Tests.release.xcconfig */,
				B489BE10F69914A015A3B20E /* Pods-ZSWTappableLabel_Example.debug.xcconfig */,
				EF668BCCFF63A0470C3D2E34 /* Pods-ZSWTappableLabel_Example.release.xcconfig */,
			);
			name = Pods;
			sourceTree = "<group>";
		};
		60FF7A9C1954A5C5007DD14C /* Podspec Metadata */ = {
			isa = PBXGroup;
			children = (
				A3CB99196150C959F7CB1E34 /* ZSWTappableLabel.podspec */,
				AF18D47E55316D6BB54A685B /* README.md */,
				11F6CCA61B1B90D10064F1CF /* CHANGELOG.md */,
				C972D1FBC1030089034F330B /* LICENSE */,
			);
			name = "Podspec Metadata";
			sourceTree = "<group>";
		};
/* End PBXGroup section */

/* Begin PBXNativeTarget section */
		6003F589195388D20070C39A /* ZSWTappableLabel_Example */ = {
			isa = PBXNativeTarget;
			buildConfigurationList = 6003F5BF195388D20070C39A /* Build configuration list for PBXNativeTarget "ZSWTappableLabel_Example" */;
			buildPhases = (
				638BC9F2078B90D7BE7CE7A8 /* [CP] Check Pods Manifest.lock */,
				6003F586195388D20070C39A /* Sources */,
				6003F587195388D20070C39A /* Frameworks */,
				6003F588195388D20070C39A /* Resources */,
				D218C61965177FB2BFE93097 /* [CP] Embed Pods Frameworks */,
			);
			buildRules = (
			);
			dependencies = (
			);
			name = ZSWTappableLabel_Example;
			productName = ZSWTappableLabel;
			productReference = 6003F58A195388D20070C39A /* ZSWTappableLabel_Example.app */;
			productType = "com.apple.product-type.application";
		};
		6003F5AD195388D20070C39A /* Tests */ = {
			isa = PBXNativeTarget;
			buildConfigurationList = 6003F5C2195388D20070C39A /* Build configuration list for PBXNativeTarget "Tests" */;
			buildPhases = (
				2949A0B5099EC9640514E55D /* [CP] Check Pods Manifest.lock */,
				6003F5AA195388D20070C39A /* Sources */,
				6003F5AB195388D20070C39A /* Frameworks */,
				6003F5AC195388D20070C39A /* Resources */,
				241A642BB55123F671A30CDB /* [CP] Embed Pods Frameworks */,
			);
			buildRules = (
			);
			dependencies = (
				6003F5B4195388D20070C39A /* PBXTargetDependency */,
			);
			name = Tests;
			productName = ZSWTappableLabelTests;
			productReference = 6003F5AE195388D20070C39A /* Tests.xctest */;
			productType = "com.apple.product-type.bundle.unit-test";
		};
/* End PBXNativeTarget section */

/* Begin PBXProject section */
		6003F582195388D10070C39A /* Project object */ = {
			isa = PBXProject;
			attributes = {
				CLASSPREFIX = "";
				LastSwiftUpdateCheck = 0710;
				LastUpgradeCheck = 0510;
				ORGANIZATIONNAME = "Zachary West";
				TargetAttributes = {
					6003F589195388D20070C39A = {
						DevelopmentTeam = FH8YWD52JM;
						LastSwiftMigration = 1020;
					};
					6003F5AD195388D20070C39A = {
						TestTargetID = 6003F589195388D20070C39A;
					};
				};
			};
			buildConfigurationList = 6003F585195388D10070C39A /* Build configuration list for PBXProject "ZSWTappableLabel" */;
			compatibilityVersion = "Xcode 3.2";
			developmentRegion = English;
			hasScannedForEncodings = 0;
			knownRegions = (
				English,
				en,
				Base,
			);
			mainGroup = 6003F581195388D10070C39A;
			productRefGroup = 6003F58B195388D20070C39A /* Products */;
			projectDirPath = "";
			projectRoot = "";
			targets = (
				6003F589195388D20070C39A /* ZSWTappableLabel_Example */,
				6003F5AD195388D20070C39A /* Tests */,
			);
		};
/* End PBXProject section */

/* Begin PBXResourcesBuildPhase section */
		6003F588195388D20070C39A /* Resources */ = {
			isa = PBXResourcesBuildPhase;
			buildActionMask = 2147483647;
			files = (
				116126E51C2612BD003B4E43 /* InterfaceBuilderSwiftViewController.xib in Resources */,
				110D6E491C25FE2F004E8551 /* Launch Screen.storyboard in Resources */,
				6003F5A9195388D20070C39A /* Images.xcassets in Resources */,
				6003F598195388D20070C39A /* InfoPlist.strings in Resources */,
				116126EA1C261466003B4E43 /* InterfaceBuilderObjectiveCViewController.xib in Resources */,
			);
			runOnlyForDeploymentPostprocessing = 0;
		};
		6003F5AC195388D20070C39A /* Resources */ = {
			isa = PBXResourcesBuildPhase;
			buildActionMask = 2147483647;
			files = (
				6003F5BA195388D20070C39A /* InfoPlist.strings in Resources */,
			);
			runOnlyForDeploymentPostprocessing = 0;
		};
/* End PBXResourcesBuildPhase section */

/* Begin PBXShellScriptBuildPhase section */
		241A642BB55123F671A30CDB /* [CP] Embed Pods Frameworks */ = {
			isa = PBXShellScriptBuildPhase;
			buildActionMask = 2147483647;
			files = (
			);
			inputPaths = (
				"${PODS_ROOT}/Target Support Files/Pods-Tests/Pods-Tests-frameworks.sh",
				"${BUILT_PRODUCTS_DIR}/Expecta/Expecta.framework",
				"${BUILT_PRODUCTS_DIR}/Specta/Specta.framework",
			);
			name = "[CP] Embed Pods Frameworks";
			outputPaths = (
				"${TARGET_BUILD_DIR}/${FRAMEWORKS_FOLDER_PATH}/Expecta.framework",
				"${TARGET_BUILD_DIR}/${FRAMEWORKS_FOLDER_PATH}/Specta.framework",
			);
			runOnlyForDeploymentPostprocessing = 0;
			shellPath = /bin/sh;
			shellScript = "\"${PODS_ROOT}/Target Support Files/Pods-Tests/Pods-Tests-frameworks.sh\"\n";
			showEnvVarsInLog = 0;
		};
		2949A0B5099EC9640514E55D /* [CP] Check Pods Manifest.lock */ = {
			isa = PBXShellScriptBuildPhase;
			buildActionMask = 2147483647;
			files = (
			);
			inputPaths = (
				"${PODS_PODFILE_DIR_PATH}/Podfile.lock",
				"${PODS_ROOT}/Manifest.lock",
			);
			name = "[CP] Check Pods Manifest.lock";
			outputPaths = (
				"$(DERIVED_FILE_DIR)/Pods-Tests-checkManifestLockResult.txt",
			);
			runOnlyForDeploymentPostprocessing = 0;
			shellPath = /bin/sh;
			shellScript = "diff \"${PODS_PODFILE_DIR_PATH}/Podfile.lock\" \"${PODS_ROOT}/Manifest.lock\" > /dev/null\nif [ $? != 0 ] ; then\n    # print error to STDERR\n    echo \"error: The sandbox is not in sync with the Podfile.lock. Run 'pod install' or update your CocoaPods installation.\" >&2\n    exit 1\nfi\n# This output is used by Xcode 'outputs' to avoid re-running this script phase.\necho \"SUCCESS\" > \"${SCRIPT_OUTPUT_FILE_0}\"\n";
			showEnvVarsInLog = 0;
		};
		638BC9F2078B90D7BE7CE7A8 /* [CP] Check Pods Manifest.lock */ = {
			isa = PBXShellScriptBuildPhase;
			buildActionMask = 2147483647;
			files = (
			);
			inputPaths = (
				"${PODS_PODFILE_DIR_PATH}/Podfile.lock",
				"${PODS_ROOT}/Manifest.lock",
			);
			name = "[CP] Check Pods Manifest.lock";
			outputPaths = (
				"$(DERIVED_FILE_DIR)/Pods-ZSWTappableLabel_Example-checkManifestLockResult.txt",
			);
			runOnlyForDeploymentPostprocessing = 0;
			shellPath = /bin/sh;
			shellScript = "diff \"${PODS_PODFILE_DIR_PATH}/Podfile.lock\" \"${PODS_ROOT}/Manifest.lock\" > /dev/null\nif [ $? != 0 ] ; then\n    # print error to STDERR\n    echo \"error: The sandbox is not in sync with the Podfile.lock. Run 'pod install' or update your CocoaPods installation.\" >&2\n    exit 1\nfi\n# This output is used by Xcode 'outputs' to avoid re-running this script phase.\necho \"SUCCESS\" > \"${SCRIPT_OUTPUT_FILE_0}\"\n";
			showEnvVarsInLog = 0;
		};
		D218C61965177FB2BFE93097 /* [CP] Embed Pods Frameworks */ = {
			isa = PBXShellScriptBuildPhase;
			buildActionMask = 2147483647;
			files = (
			);
			inputPaths = (
				"${PODS_ROOT}/Target Support Files/Pods-ZSWTappableLabel_Example/Pods-ZSWTappableLabel_Example-frameworks.sh",
				"${BUILT_PRODUCTS_DIR}/Masonry/Masonry.framework",
				"${BUILT_PRODUCTS_DIR}/SnapKit/SnapKit.framework",
				"${BUILT_PRODUCTS_DIR}/ZSWTaggedString/ZSWTaggedString.framework",
				"${BUILT_PRODUCTS_DIR}/ZSWTappableLabel/ZSWTappableLabel.framework",
			);
			name = "[CP] Embed Pods Frameworks";
			outputPaths = (
				"${TARGET_BUILD_DIR}/${FRAMEWORKS_FOLDER_PATH}/Masonry.framework",
				"${TARGET_BUILD_DIR}/${FRAMEWORKS_FOLDER_PATH}/SnapKit.framework",
				"${TARGET_BUILD_DIR}/${FRAMEWORKS_FOLDER_PATH}/ZSWTaggedString.framework",
				"${TARGET_BUILD_DIR}/${FRAMEWORKS_FOLDER_PATH}/ZSWTappableLabel.framework",
			);
			runOnlyForDeploymentPostprocessing = 0;
			shellPath = /bin/sh;
			shellScript = "\"${PODS_ROOT}/Target Support Files/Pods-ZSWTappableLabel_Example/Pods-ZSWTappableLabel_Example-frameworks.sh\"\n";
			showEnvVarsInLog = 0;
		};
/* End PBXShellScriptBuildPhase section */

/* Begin PBXSourcesBuildPhase section */
		6003F586195388D20070C39A /* Sources */ = {
			isa = PBXSourcesBuildPhase;
			buildActionMask = 2147483647;
			files = (
				110D6E4B1C25FEBA004E8551 /* SimpleSwiftViewController.swift in Sources */,
				116126D11C26094A003B4E43 /* MultipleSwiftViewController.swift in Sources */,
				116126E91C261466003B4E43 /* InterfaceBuilderObjectiveCViewController.m in Sources */,
				110D6E4E1C25FEC6004E8551 /* SimpleObjectiveCViewController.m in Sources */,
				110D6E501C25FF5C004E8551 /* RootExampleCell.swift in Sources */,
				11E9BCC7226C037C003C1962 /* CollectionViewSwiftViewController.swift in Sources */,
				116126DD1C260F67003B4E43 /* DataDetectorsSwiftViewController.swift in Sources */,
				11110E441C27543300E67ACD /* LongPressSwiftViewController.swift in Sources */,
				110D6E471C25FC33004E8551 /* AppDelegate.swift in Sources */,
				110D6E451C25FC04004E8551 /* RootController.swift in Sources */,
				119AC0C6226D3ABB00DD70BC /* AccessibilityObjectiveCViewController.m in Sources */,
				119AC0CC226D3EB600DD70BC /* CollectionViewObjectiveCViewController.m in Sources */,
				119AC0C9226D3D3500DD70BC /* 3DTouchObjectiveCViewController.m in Sources */,
				11E9BCC1226BF626003C1962 /* AccessibilitySwiftViewController.swift in Sources */,
				11110E471C2762A900E67ACD /* LongPressObjectiveCViewController.m in Sources */,
				116126D41C260961003B4E43 /* MultipleObjectiveCViewController.m in Sources */,
				116126E41C2612BD003B4E43 /* InterfaceBuilderSwiftViewController.swift in Sources */,
				11E9BCC4226BFBCE003C1962 /* 3DTouchSwiftViewController.swift in Sources */,
				116126E01C260F74003B4E43 /* DataDetectorsObjectiveCViewController.m in Sources */,
			);
			runOnlyForDeploymentPostprocessing = 0;
		};
		6003F5AA195388D20070C39A /* Sources */ = {
			isa = PBXSourcesBuildPhase;
			buildActionMask = 2147483647;
			files = (
				6003F5BC195388D20070C39A /* Tests.m in Sources */,
			);
			runOnlyForDeploymentPostprocessing = 0;
		};
/* End PBXSourcesBuildPhase section */

/* Begin PBXTargetDependency section */
		6003F5B4195388D20070C39A /* PBXTargetDependency */ = {
			isa = PBXTargetDependency;
			target = 6003F589195388D20070C39A /* ZSWTappableLabel_Example */;
			targetProxy = 6003F5B3195388D20070C39A /* PBXContainerItemProxy */;
		};
/* End PBXTargetDependency section */

/* Begin PBXVariantGroup section */
		6003F596195388D20070C39A /* InfoPlist.strings */ = {
			isa = PBXVariantGroup;
			children = (
				6003F597195388D20070C39A /* en */,
			);
			name = InfoPlist.strings;
			sourceTree = "<group>";
		};
		6003F5B8195388D20070C39A /* InfoPlist.strings */ = {
			isa = PBXVariantGroup;
			children = (
				6003F5B9195388D20070C39A /* en */,
			);
			name = InfoPlist.strings;
			sourceTree = "<group>";
		};
/* End PBXVariantGroup section */

/* Begin XCBuildConfiguration section */
		6003F5BD195388D20070C39A /* Debug */ = {
			isa = XCBuildConfiguration;
			buildSettings = {
				ALWAYS_SEARCH_USER_PATHS = NO;
				CLANG_CXX_LANGUAGE_STANDARD = "gnu++0x";
				CLANG_CXX_LIBRARY = "libc++";
				CLANG_ENABLE_MODULES = YES;
				CLANG_ENABLE_OBJC_ARC = YES;
				CLANG_WARN_BOOL_CONVERSION = YES;
				CLANG_WARN_CONSTANT_CONVERSION = YES;
				CLANG_WARN_DIRECT_OBJC_ISA_USAGE = YES_ERROR;
				CLANG_WARN_EMPTY_BODY = YES;
				CLANG_WARN_ENUM_CONVERSION = YES;
				CLANG_WARN_INT_CONVERSION = YES;
				CLANG_WARN_OBJC_ROOT_CLASS = YES_ERROR;
				CLANG_WARN__DUPLICATE_METHOD_MATCH = YES;
				"CODE_SIGN_IDENTITY[sdk=iphoneos*]" = "iPhone Developer";
				COPY_PHASE_STRIP = NO;
				GCC_C_LANGUAGE_STANDARD = gnu99;
				GCC_DYNAMIC_NO_PIC = NO;
				GCC_OPTIMIZATION_LEVEL = 0;
				GCC_PREPROCESSOR_DEFINITIONS = (
					"DEBUG=1",
					"$(inherited)",
				);
				GCC_SYMBOLS_PRIVATE_EXTERN = NO;
				GCC_WARN_64_TO_32_BIT_CONVERSION = YES;
				GCC_WARN_ABOUT_RETURN_TYPE = YES_ERROR;
				GCC_WARN_UNDECLARED_SELECTOR = YES;
				GCC_WARN_UNINITIALIZED_AUTOS = YES_AGGRESSIVE;
				GCC_WARN_UNUSED_FUNCTION = YES;
				GCC_WARN_UNUSED_VARIABLE = YES;
				IPHONEOS_DEPLOYMENT_TARGET = 10.0;
				ONLY_ACTIVE_ARCH = YES;
				SDKROOT = iphoneos;
				TARGETED_DEVICE_FAMILY = "1,2";
			};
			name = Debug;
		};
		6003F5BE195388D20070C39A /* Release */ = {
			isa = XCBuildConfiguration;
			buildSettings = {
				ALWAYS_SEARCH_USER_PATHS = NO;
				CLANG_CXX_LANGUAGE_STANDARD = "gnu++0x";
				CLANG_CXX_LIBRARY = "libc++";
				CLANG_ENABLE_MODULES = YES;
				CLANG_ENABLE_OBJC_ARC = YES;
				CLANG_WARN_BOOL_CONVERSION = YES;
				CLANG_WARN_CONSTANT_CONVERSION = YES;
				CLANG_WARN_DIRECT_OBJC_ISA_USAGE = YES_ERROR;
				CLANG_WARN_EMPTY_BODY = YES;
				CLANG_WARN_ENUM_CONVERSION = YES;
				CLANG_WARN_INT_CONVERSION = YES;
				CLANG_WARN_OBJC_ROOT_CLASS = YES_ERROR;
				CLANG_WARN__DUPLICATE_METHOD_MATCH = YES;
				"CODE_SIGN_IDENTITY[sdk=iphoneos*]" = "iPhone Developer";
				COPY_PHASE_STRIP = YES;
				ENABLE_NS_ASSERTIONS = NO;
				GCC_C_LANGUAGE_STANDARD = gnu99;
				GCC_WARN_64_TO_32_BIT_CONVERSION = YES;
				GCC_WARN_ABOUT_RETURN_TYPE = YES_ERROR;
				GCC_WARN_UNDECLARED_SELECTOR = YES;
				GCC_WARN_UNINITIALIZED_AUTOS = YES_AGGRESSIVE;
				GCC_WARN_UNUSED_FUNCTION = YES;
				GCC_WARN_UNUSED_VARIABLE = YES;
				IPHONEOS_DEPLOYMENT_TARGET = 10.0;
				SDKROOT = iphoneos;
				TARGETED_DEVICE_FAMILY = "1,2";
				VALIDATE_PRODUCT = YES;
			};
			name = Release;
		};
		6003F5C0195388D20070C39A /* Debug */ = {
			isa = XCBuildConfiguration;
			baseConfigurationReference = B489BE10F69914A015A3B20E /* Pods-ZSWTappableLabel_Example.debug.xcconfig */;
			buildSettings = {
				ASSETCATALOG_COMPILER_APPICON_NAME = AppIcon;
				CLANG_ENABLE_MODULES = YES;
				DEVELOPMENT_TEAM = FH8YWD52JM;
				GCC_PRECOMPILE_PREFIX_HEADER = YES;
				GCC_PREFIX_HEADER = "ZSWTappableLabel/ZSWTappableLabel-Prefix.pch";
				INFOPLIST_FILE = "ZSWTappableLabel/ZSWTappableLabel-Info.plist";
				LD_RUNPATH_SEARCH_PATHS = "$(inherited) @executable_path/Frameworks";
				MODULE_NAME = ExampleApp;
				PRODUCT_NAME = "$(TARGET_NAME)";
				SWIFT_OBJC_BRIDGING_HEADER = "ZSWTappableLabel/ZSWTappableLabel_Example-Bridging-Header.h";
				SWIFT_OPTIMIZATION_LEVEL = "-Onone";
				SWIFT_VERSION = 5.0;
				TARGETED_DEVICE_FAMILY = 1;
				WRAPPER_EXTENSION = app;
			};
			name = Debug;
		};
		6003F5C1195388D20070C39A /* Release */ = {
			isa = XCBuildConfiguration;
			baseConfigurationReference = EF668BCCFF63A0470C3D2E34 /* Pods-ZSWTappableLabel_Example.release.xcconfig */;
			buildSettings = {
				ASSETCATALOG_COMPILER_APPICON_NAME = AppIcon;
				CLANG_ENABLE_MODULES = YES;
				DEVELOPMENT_TEAM = FH8YWD52JM;
				GCC_PRECOMPILE_PREFIX_HEADER = YES;
				GCC_PREFIX_HEADER = "ZSWTappableLabel/ZSWTappableLabel-Prefix.pch";
				INFOPLIST_FILE = "ZSWTappableLabel/ZSWTappableLabel-Info.plist";
				LD_RUNPATH_SEARCH_PATHS = "$(inherited) @executable_path/Frameworks";
				MODULE_NAME = ExampleApp;
				PRODUCT_NAME = "$(TARGET_NAME)";
				SWIFT_OBJC_BRIDGING_HEADER = "ZSWTappableLabel/ZSWTappableLabel_Example-Bridging-Header.h";
				SWIFT_VERSION = 5.0;
				TARGETED_DEVICE_FAMILY = 1;
				WRAPPER_EXTENSION = app;
			};
			name = Release;
		};
		6003F5C3195388D20070C39A /* Debug */ = {
			isa = XCBuildConfiguration;
			baseConfigurationReference = AC49F6A892919C130D6F5530 /* Pods-Tests.debug.xcconfig */;
			buildSettings = {
				BUNDLE_LOADER = "$(TEST_HOST)";
				FRAMEWORK_SEARCH_PATHS = (
					"$(SDKROOT)/Developer/Library/Frameworks",
					"$(inherited)",
					"$(DEVELOPER_FRAMEWORKS_DIR)",
				);
				GCC_PRECOMPILE_PREFIX_HEADER = YES;
				GCC_PREFIX_HEADER = "Tests/Tests-Prefix.pch";
				GCC_PREPROCESSOR_DEFINITIONS = (
					"DEBUG=1",
					"$(inherited)",
				);
				INFOPLIST_FILE = "Tests/Tests-Info.plist";
				PRODUCT_NAME = "$(TARGET_NAME)";
				TEST_HOST = "$(BUILT_PRODUCTS_DIR)/ZSWTappableLabel_Example.app/ZSWTappableLabel_Example";
				WRAPPER_EXTENSION = xctest;
			};
			name = Debug;
		};
		6003F5C4195388D20070C39A /* Release */ = {
			isa = XCBuildConfiguration;
			baseConfigurationReference = 48D9CAFA7C85FFBDE3E5A1E1 /* Pods-Tests.release.xcconfig */;
			buildSettings = {
				BUNDLE_LOADER = "$(TEST_HOST)";
				FRAMEWORK_SEARCH_PATHS = (
					"$(SDKROOT)/Developer/Library/Frameworks",
					"$(inherited)",
					"$(DEVELOPER_FRAMEWORKS_DIR)",
				);
				GCC_PRECOMPILE_PREFIX_HEADER = YES;
				GCC_PREFIX_HEADER = "Tests/Tests-Prefix.pch";
				INFOPLIST_FILE = "Tests/Tests-Info.plist";
				PRODUCT_NAME = "$(TARGET_NAME)";
				TEST_HOST = "$(BUILT_PRODUCTS_DIR)/ZSWTappableLabel_Example.app/ZSWTappableLabel_Example";
				WRAPPER_EXTENSION = xctest;
			};
			name = Release;
		};
/* End XCBuildConfiguration section */

/* Begin XCConfigurationList section */
		6003F585195388D10070C39A /* Build configuration list for PBXProject "ZSWTappableLabel" */ = {
			isa = XCConfigurationList;
			buildConfigurations = (
				6003F5BD195388D20070C39A /* Debug */,
				6003F5BE195388D20070C39A /* Release */,
			);
			defaultConfigurationIsVisible = 0;
			defaultConfigurationName = Release;
		};
		6003F5BF195388D20070C39A /* Build configuration list for PBXNativeTarget "ZSWTappableLabel_Example" */ = {
			isa = XCConfigurationList;
			buildConfigurations = (
				6003F5C0195388D20070C39A /* Debug */,
				6003F5C1195388D20070C39A /* Release */,
			);
			defaultConfigurationIsVisible = 0;
			defaultConfigurationName = Release;
		};
		6003F5C2195388D20070C39A /* Build configuration list for PBXNativeTarget "Tests" */ = {
			isa = XCConfigurationList;
			buildConfigurations = (
				6003F5C3195388D20070C39A /* Debug */,
				6003F5C4195388D20070C39A /* Release */,
			);
			defaultConfigurationIsVisible = 0;
			defaultConfigurationName = Release;
		};
/* End XCConfigurationList section */
	};
	rootObject = 6003F582195388D10070C39A /* Project object */;
}
